{
  "requires": true,
  "lockfileVersion": 1,
  "dependencies": {
    "@squoosh/lib": {
      "version": "0.2.1",
      "resolved": "https://registry.npmjs.org/@squoosh/lib/-/lib-0.2.1.tgz",
      "integrity": "sha512-iyqddtIZH8wbf/7pdwrnxdseK3Szjwhm8HtOGnsde2o8cY4PQTVddTITYloaJdTmrNkLn/Gl/eTBJHH8zxYS0w==",
      "requires": {
        "web-streams-polyfill": "^3.0.3"
      }
    },
    "web-streams-polyfill": {
      "version": "3.0.3",
      "resolved": "https://registry.npmjs.org/web-streams-polyfill/-/web-streams-polyfill-3.0.3.tgz",
      "integrity": "sha512-d2H/t0eqRNM4w2WvmTdoeIvzAUSpK7JmATB8Nr2lb7nQ9BTIJVjbQ/TRFVEh2gUH1HwclPdoPtfMoFfetXaZnA=="
    }
  }
}
